
Microsoft Visual Studio Solution File, Format Version 12.00
# Visual Studio Version 16
VisualStudioVersion = 16.0.31105.61
MinimumVisualStudioVersion = 10.0.40219.1
Project("{FAE04EC0-301F-11D3-BF4B-00C04F79EFBC}") = "ShareCad", "ShareCad\ShareCad.csproj", "{88B9903C-F071-4E64-9E4B-88D763DFE636}"
EndProject
Project("{FAE04EC0-301F-11D3-BF4B-00C04F79EFBC}") = "Patcher", "Patcher\Patcher.csproj", "{B65D920D-3E50-41B6-9811-3B5407A199A8}"
EndProject
Project("{FAE04EC0-301F-11D3-BF4B-00C04F79EFBC}") = "Networking", "ShareCad.Networking\Networking.csproj", "{60072FEE-7D38-4312-9B31-A016610CF8DF}"
EndProject
Project("{2150E333-8FDC-42A3-9474-1A3956D46DE8}") = "Solution Items", "Solution Items", "{0759ACEC-849E-4898-BE04-8761C980AF82}"
	ProjectSection(SolutionItems) = preProject
		.editorconfig = .editorconfig
	EndProjectSection
EndProject
Project("{FAE04EC0-301F-11D3-BF4B-00C04F79EFBC}") = "Networking.Models", "Networking.Models\Networking.Models.csproj", "{9C5B523F-B0CA-443C-A766-952056427688}"
EndProject
Global
	GlobalSection(SolutionConfigurationPlatforms) = preSolution
		Debug Mathcad|Any CPU = Debug Mathcad|Any CPU
		Debug|Any CPU = Debug|Any CPU
		Release|Any CPU = Release|Any CPU
	EndGlobalSection
	GlobalSection(ProjectConfigurationPlatforms) = postSolution
		{88B9903C-F071-4E64-9E4B-88D763DFE636}.Debug Mathcad|Any CPU.ActiveCfg = Debug Mathcad|Any CPU
		{88B9903C-F071-4E64-9E4B-88D763DFE636}.Debug Mathcad|Any CPU.Build.0 = Debug Mathcad|Any CPU
		{88B9903C-F071-4E64-9E4B-88D763DFE636}.Debug|Any CPU.ActiveCfg = Debug|Any CPU
		{88B9903C-F071-4E64-9E4B-88D763DFE636}.Debug|Any CPU.Build.0 = Debug|Any CPU
		{88B9903C-F071-4E64-9E4B-88D763DFE636}.Release|Any CPU.ActiveCfg = Release|Any CPU
		{88B9903C-F071-4E64-9E4B-88D763DFE636}.Release|Any CPU.Build.0 = Release|Any CPU
		{B65D920D-3E50-41B6-9811-3B5407A199A8}.Debug Mathcad|Any CPU.ActiveCfg = Debug|Any CPU
		{B65D920D-3E50-41B6-9811-3B5407A199A8}.Debug Mathcad|Any CPU.Build.0 = Debug|Any CPU
		{B65D920D-3E50-41B6-9811-3B5407A199A8}.Debug|Any CPU.ActiveCfg = Debug|Any CPU
		{B65D920D-3E50-41B6-9811-3B5407A199A8}.Debug|Any CPU.Build.0 = Debug|Any CPU
		{B65D920D-3E50-41B6-9811-3B5407A199A8}.Release|Any CPU.ActiveCfg = Release|Any CPU
		{B65D920D-3E50-41B6-9811-3B5407A199A8}.Release|Any CPU.Build.0 = Release|Any CPU
		{60072FEE-7D38-4312-9B31-A016610CF8DF}.Debug Mathcad|Any CPU.ActiveCfg = Debug|Any CPU
		{60072FEE-7D38-4312-9B31-A016610CF8DF}.Debug Mathcad|Any CPU.Build.0 = Debug|Any CPU
		{60072FEE-7D38-4312-9B31-A016610CF8DF}.Debug|Any CPU.ActiveCfg = Debug|Any CPU
		{60072FEE-7D38-4312-9B31-A016610CF8DF}.Debug|Any CPU.Build.0 = Debug|Any CPU
		{60072FEE-7D38-4312-9B31-A016610CF8DF}.Release|Any CPU.ActiveCfg = Release|Any CPU
		{60072FEE-7D38-4312-9B31-A016610CF8DF}.Release|Any CPU.Build.0 = Release|Any CPU
		{9C5B523F-B0CA-443C-A766-952056427688}.Debug Mathcad|Any CPU.ActiveCfg = Debug|Any CPU
		{9C5B523F-B0CA-443C-A766-952056427688}.Debug Mathcad|Any CPU.Build.0 = Debug|Any CPU
		{9C5B523F-B0CA-443C-A766-952056427688}.Debug|Any CPU.ActiveCfg = Debug|Any CPU
		{9C5B523F-B0CA-443C-A766-952056427688}.Debug|Any CPU.Build.0 = Debug|Any CPU
		{9C5B523F-B0CA-443C-A766-952056427688}.Release|Any CPU.ActiveCfg = Release|Any CPU
		{9C5B523F-B0CA-443C-A766-952056427688}.Release|Any CPU.Build.0 = Release|Any CPU
	EndGlobalSection
	GlobalSection(SolutionProperties) = preSolution
		HideSolutionNode = FALSE
	EndGlobalSection
	GlobalSection(ExtensibilityGlobals) = postSolution
		SolutionGuid = {771462D4-6542-45F8-B01F-C1E74C725C75}
	EndGlobalSection
EndGlobal
